
Microsoft Visual Studio Solution File, Format Version 12.00
# Visual Studio Version 16
VisualStudioVersion = 16.0.30621.155
MinimumVisualStudioVersion = 10.0.40219.1
Project("{FAE04EC0-301F-11D3-BF4B-00C04F79EFBC}") = "lesson4", "lesson4\lesson4.csproj", "{2BAEDD4C-0DF1-4938-851C-19F297AB6856}"
EndProject
Global
	GlobalSection(SolutionConfigurationPlatforms) = preSolution
		Debug|Any CPU = Debug|Any CPU
		Release|Any CPU = Release|Any CPU
	EndGlobalSection
	GlobalSection(ProjectConfigurationPlatforms) = postSolution
		{2BAEDD4C-0DF1-4938-851C-19F297AB6856}.Debug|Any CPU.ActiveCfg = Debug|Any CPU
		{2BAEDD4C-0DF1-4938-851C-19F297AB6856}.Debug|Any CPU.Build.0 = Debug|Any CPU
		{2BAEDD4C-0DF1-4938-851C-19F297AB6856}.Release|Any CPU.ActiveCfg = Release|Any CPU
		{2BAEDD4C-0DF1-4938-851C-19F297AB6856}.Release|Any CPU.Build.0 = Release|Any CPU
	EndGlobalSection
	GlobalSection(SolutionProperties) = preSolution
		HideSolutionNode = FALSE
	EndGlobalSection
	GlobalSection(ExtensibilityGlobals) = postSolution
		SolutionGuid = {57C50A4B-6FEE-4DC9-BB7F-3B3A4125D3DF}
	EndGlobalSection
EndGlobal
